// !$*UTF8*$!
{
	archiveVersion = 1;
	classes = {
	};
	objectVersion = 46;
	objects = {

/* Begin PBXBuildFile section */
		1498D2341E8E89220040F4C2 /* GeneratedPluginRegistrant.m in Sources */ = {isa = PBXBuildFile; fileRef = 1498D2331E8E89220040F4C2 /* GeneratedPluginRegistrant.m */; };
		3B3967161E833CAA004F5970 /* AppFrameworkInfo.plist in Resources */ = {isa = PBXBuildFile; fileRef = 3B3967151E833CAA004F5970 /* AppFrameworkInfo.plist */; };
		80C3417E24B2B73600CB39C6 /* File.swift in Sources */ = {isa = PBXBuildFile; fileRef = 80C3417D24B2B73600CB39C6 /* File.swift */; };
		80C3418224B2C25C00CB39C6 /* GoogleService-Info.plist in Resources */ = {isa = PBXBuildFile; fileRef = 80C3418124B2C25C00CB39C6 /* GoogleService-Info.plist */; };
		9740EEB41CF90195004384FC /* Debug.xcconfig in Resources */ = {isa = PBXBuildFile; fileRef = 9740EEB21CF90195004384FC /* Debug.xcconfig */; };
		978B8F6F1D3862AE00F588F7 /* AppDelegate.m in Sources */ = {isa = PBXBuildFile; fileRef = 7AFFD8EE1D35381100E5BB4D /* AppDelegate.m */; };
		97C146F31CF9000F007C117D /* main.m in Sources */ = {isa = PBXBuildFile; fileRef = 97C146F21CF9000F007C117D /* main.m */; };
		97C146FC1CF9000F007C117D /* Main.storyboard in Resources */ = {isa = PBXBuildFile; fileRef = 97C146FA1CF9000F007C117D /* Main.storyboard */; };
		97C146FE1CF9000F007C117D /* Assets.xcassets in Resources */ = {isa = PBXBuildFile; fileRef = 97C146FD1CF9000F007C117D /* Assets.xcassets */; };
		97C147011CF9000F007C117D /* LaunchScreen.storyboard in Resources */ = {isa = PBXBuildFile; fileRef = 97C146FF1CF9000F007C117D /* LaunchScreen.storyboard */; };
		CA2D7DF7017A4E9A7EFCD2E6 /* Pods_Runner.framework in Frameworks */ = {isa = PBXBuildFile; fileRef = C5F3480CAD00A092048D9D84 /* Pods_Runner.framework */; };
/* End PBXBuildFile section */

/* Begin PBXCopyFilesBuildPhase section */
		80DAB2A4234DF4B900A4AD33 /* Embed App Extensions */ = {
			isa = PBXCopyFilesBuildPhase;
			buildActionMask = 2147483647;
			dstPath = "";
			dstSubfolderSpec = 13;
			files = (
			);
			name = "Embed App Extensions";
			runOnlyForDeploymentPostprocessing = 0;
		};
		9705A1C41CF9048500538489 /* Embed Frameworks */ = {
			isa = PBXCopyFilesBuildPhase;
			buildActionMask = 2147483647;
			dstPath = "";
			dstSubfolderSpec = 10;
			files = (
			);
			name = "Embed Frameworks";
			runOnlyForDeploymentPostprocessing = 0;
		};
/* End PBXCopyFilesBuildPhase section */

/* Begin PBXFileReference section */
		1498D2321E8E86230040F4C2 /* GeneratedPluginRegistrant.h */ = {isa = PBXFileReference; lastKnownFileType = sourcecode.c.h; path = GeneratedPluginRegistrant.h; sourceTree = "<group>"; };
		1498D2331E8E89220040F4C2 /* GeneratedPluginRegistrant.m */ = {isa = PBXFileReference; fileEncoding = 4; lastKnownFileType = sourcecode.c.objc; path = GeneratedPluginRegistrant.m; sourceTree = "<group>"; };
		28C72311303EF30819508483 /* libPods-OneSignalNotificationServiceExtension.a */ = {isa = PBXFileReference; explicitFileType = archive.ar; includeInIndex = 0; path = "libPods-OneSignalNotificationServiceExtension.a"; sourceTree = BUILT_PRODUCTS_DIR; };
		3B3967151E833CAA004F5970 /* AppFrameworkInfo.plist */ = {isa = PBXFileReference; fileEncoding = 4; lastKnownFileType = text.plist.xml; name = AppFrameworkInfo.plist; path = Flutter/AppFrameworkInfo.plist; sourceTree = "<group>"; };
		6A72E7B837671D82BCE93EBA /* Pods-Runner.debug.xcconfig */ = {isa = PBXFileReference; includeInIndex = 1; lastKnownFileType = text.xcconfig; name = "Pods-Runner.debug.xcconfig"; path = "Target Support Files/Pods-Runner/Pods-Runner.debug.xcconfig"; sourceTree = "<group>"; };
		7AFA3C8E1D35360C0083082E /* Release.xcconfig */ = {isa = PBXFileReference; lastKnownFileType = text.xcconfig; name = Release.xcconfig; path = Flutter/Release.xcconfig; sourceTree = "<group>"; };
		7AFFD8ED1D35381100E5BB4D /* AppDelegate.h */ = {isa = PBXFileReference; fileEncoding = 4; lastKnownFileType = sourcecode.c.h; path = AppDelegate.h; sourceTree = "<group>"; };
		7AFFD8EE1D35381100E5BB4D /* AppDelegate.m */ = {isa = PBXFileReference; fileEncoding = 4; lastKnownFileType = sourcecode.c.objc; path = AppDelegate.m; sourceTree = "<group>"; };
		7B9BD232226256DD14A43E88 /* Pods-Runner.profile.xcconfig */ = {isa = PBXFileReference; includeInIndex = 1; lastKnownFileType = text.xcconfig; name = "Pods-Runner.profile.xcconfig"; path = "Target Support Files/Pods-Runner/Pods-Runner.profile.xcconfig"; sourceTree = "<group>"; };
		8058654E24B2269100702F97 /* libflutter_inappwebview.a */ = {isa = PBXFileReference; explicitFileType = archive.ar; path = libflutter_inappwebview.a; sourceTree = BUILT_PRODUCTS_DIR; };
		8058655024B226C700702F97 /* libFBSDKCoreKit.a */ = {isa = PBXFileReference; explicitFileType = archive.ar; path = libFBSDKCoreKit.a; sourceTree = BUILT_PRODUCTS_DIR; };
		80720813239E58E300E5F7A3 /* libBolts.a */ = {isa = PBXFileReference; explicitFileType = archive.ar; path = libBolts.a; sourceTree = BUILT_PRODUCTS_DIR; };
		80720815239E58E300E5F7A3 /* libFBSDKCoreKit.a */ = {isa = PBXFileReference; explicitFileType = archive.ar; path = libFBSDKCoreKit.a; sourceTree = BUILT_PRODUCTS_DIR; };
		80720817239E58E300E5F7A3 /* libFBSDKLoginKit.a */ = {isa = PBXFileReference; explicitFileType = archive.ar; path = libFBSDKLoginKit.a; sourceTree = BUILT_PRODUCTS_DIR; };
		80720819239E58E300E5F7A3 /* libfirebase_auth.a */ = {isa = PBXFileReference; explicitFileType = archive.ar; path = libfirebase_auth.a; sourceTree = BUILT_PRODUCTS_DIR; };
		8072081B239E58E300E5F7A3 /* libflutter_facebook_login.a */ = {isa = PBXFileReference; explicitFileType = archive.ar; path = libflutter_facebook_login.a; sourceTree = BUILT_PRODUCTS_DIR; };
		8072081D239E58E300E5F7A3 /* libgoogle_sign_in.a */ = {isa = PBXFileReference; explicitFileType = archive.ar; path = libgoogle_sign_in.a; sourceTree = BUILT_PRODUCTS_DIR; };
		80B8C881234F38F8001F725E /* libonesignal.a */ = {isa = PBXFileReference; explicitFileType = archive.ar; path = libonesignal.a; sourceTree = BUILT_PRODUCTS_DIR; };
		80B8C883234F66D0001F725E /* libonesignal_flutter.a */ = {isa = PBXFileReference; explicitFileType = archive.ar; path = libonesignal_flutter.a; sourceTree = BUILT_PRODUCTS_DIR; };
		80B8C885234F8267001F725E /* libonesignal.a */ = {isa = PBXFileReference; explicitFileType = archive.ar; path = libonesignal.a; sourceTree = BUILT_PRODUCTS_DIR; };
		80BB9F4D234E284B00ACB9FD /* libBolts.a */ = {isa = PBXFileReference; explicitFileType = archive.ar; path = libBolts.a; sourceTree = BUILT_PRODUCTS_DIR; };
		80BB9F4F234E285900ACB9FD /* libFBSDKCoreKit.a */ = {isa = PBXFileReference; explicitFileType = archive.ar; path = libFBSDKCoreKit.a; sourceTree = BUILT_PRODUCTS_DIR; };
		80BB9F51234E285900ACB9FD /* libFBSDKLoginKit.a */ = {isa = PBXFileReference; explicitFileType = archive.ar; path = libFBSDKLoginKit.a; sourceTree = BUILT_PRODUCTS_DIR; };
		80BB9F53234E285900ACB9FD /* libfirebase_auth.a */ = {isa = PBXFileReference; explicitFileType = archive.ar; path = libfirebase_auth.a; sourceTree = BUILT_PRODUCTS_DIR; };
		80BB9F55234E285900ACB9FD /* libfirebase_core.a */ = {isa = PBXFileReference; explicitFileType = archive.ar; path = libfirebase_core.a; sourceTree = BUILT_PRODUCTS_DIR; };
		80BB9F57234E285900ACB9FD /* libFirebaseAuth.a */ = {isa = PBXFileReference; explicitFileType = archive.ar; path = libFirebaseAuth.a; sourceTree = BUILT_PRODUCTS_DIR; };
		80BB9F59234E285900ACB9FD /* libFirebaseCore.a */ = {isa = PBXFileReference; explicitFileType = archive.ar; path = libFirebaseCore.a; sourceTree = BUILT_PRODUCTS_DIR; };
		80BB9F5B234E285900ACB9FD /* libFirebaseCoreDiagnostics.a */ = {isa = PBXFileReference; explicitFileType = archive.ar; path = libFirebaseCoreDiagnostics.a; sourceTree = BUILT_PRODUCTS_DIR; };
		80BB9F5D234E285900ACB9FD /* libFirebaseInstanceID.a */ = {isa = PBXFileReference; explicitFileType = archive.ar; path = libFirebaseInstanceID.a; sourceTree = BUILT_PRODUCTS_DIR; };
		80BB9F5F234E285900ACB9FD /* libflutter_facebook_login.a */ = {isa = PBXFileReference; explicitFileType = archive.ar; path = libflutter_facebook_login.a; sourceTree = BUILT_PRODUCTS_DIR; };
		80BB9F61234E285900ACB9FD /* libgoogle_sign_in.a */ = {isa = PBXFileReference; explicitFileType = archive.ar; path = libgoogle_sign_in.a; sourceTree = BUILT_PRODUCTS_DIR; };
		80BB9F63234E285900ACB9FD /* libGoogleDataTransport.a */ = {isa = PBXFileReference; explicitFileType = archive.ar; path = libGoogleDataTransport.a; sourceTree = BUILT_PRODUCTS_DIR; };
		80BB9F65234E285900ACB9FD /* libGoogleDataTransportCCTSupport.a */ = {isa = PBXFileReference; explicitFileType = archive.ar; path = libGoogleDataTransportCCTSupport.a; sourceTree = BUILT_PRODUCTS_DIR; };
		80BB9F67234E285900ACB9FD /* libGoogleToolboxForMac.a */ = {isa = PBXFileReference; explicitFileType = archive.ar; path = libGoogleToolboxForMac.a; sourceTree = BUILT_PRODUCTS_DIR; };
		80BB9F69234E285900ACB9FD /* libGoogleUtilities.a */ = {isa = PBXFileReference; explicitFileType = archive.ar; path = libGoogleUtilities.a; sourceTree = BUILT_PRODUCTS_DIR; };
		80BB9F6B234E285900ACB9FD /* libGTMSessionFetcher.a */ = {isa = PBXFileReference; explicitFileType = archive.ar; path = libGTMSessionFetcher.a; sourceTree = BUILT_PRODUCTS_DIR; };
		80BB9F6D234E285900ACB9FD /* liblibPhoneNumber-iOS.a */ = {isa = PBXFileReference; explicitFileType = archive.ar; path = "liblibPhoneNumber-iOS.a"; sourceTree = BUILT_PRODUCTS_DIR; };
		80BB9F6F234E285900ACB9FD /* liblibphonenumber.a */ = {isa = PBXFileReference; explicitFileType = archive.ar; path = liblibphonenumber.a; sourceTree = BUILT_PRODUCTS_DIR; };
		80BB9F71234E285900ACB9FD /* libnanopb.a */ = {isa = PBXFileReference; explicitFileType = archive.ar; path = libnanopb.a; sourceTree = BUILT_PRODUCTS_DIR; };
		80BB9F73234E285900ACB9FD /* libnative_device_orientation.a */ = {isa = PBXFileReference; explicitFileType = archive.ar; path = libnative_device_orientation.a; sourceTree = BUILT_PRODUCTS_DIR; };
		80BB9F75234E285900ACB9FD /* libonesignal_flutter.a */ = {isa = PBXFileReference; explicitFileType = archive.ar; path = libonesignal_flutter.a; sourceTree = BUILT_PRODUCTS_DIR; };
		80BB9F79234E285900ACB9FD /* libProtobuf.a */ = {isa = PBXFileReference; explicitFileType = archive.ar; path = libProtobuf.a; sourceTree = BUILT_PRODUCTS_DIR; };
		80BB9F7B234E285900ACB9FD /* libqr_mobile_vision.a */ = {isa = PBXFileReference; explicitFileType = archive.ar; path = libqr_mobile_vision.a; sourceTree = BUILT_PRODUCTS_DIR; };
		80BB9F7D234E285900ACB9FD /* libshared_preferences.a */ = {isa = PBXFileReference; explicitFileType = archive.ar; path = libshared_preferences.a; sourceTree = BUILT_PRODUCTS_DIR; };
		80BB9F81234E499B00ACB9FD /* libfirebase_auth.a */ = {isa = PBXFileReference; explicitFileType = archive.ar; path = libfirebase_auth.a; sourceTree = BUILT_PRODUCTS_DIR; };
		80BB9F83234E499B00ACB9FD /* libfirebase_core.a */ = {isa = PBXFileReference; explicitFileType = archive.ar; path = libfirebase_core.a; sourceTree = BUILT_PRODUCTS_DIR; };
		80BB9F85234E499B00ACB9FD /* libFirebaseAuth.a */ = {isa = PBXFileReference; explicitFileType = archive.ar; path = libFirebaseAuth.a; sourceTree = BUILT_PRODUCTS_DIR; };
		80BB9F87234E499B00ACB9FD /* libFirebaseCore.a */ = {isa = PBXFileReference; explicitFileType = archive.ar; path = libFirebaseCore.a; sourceTree = BUILT_PRODUCTS_DIR; };
		80BB9F89234E499B00ACB9FD /* libFirebaseCoreDiagnostics.a */ = {isa = PBXFileReference; explicitFileType = archive.ar; path = libFirebaseCoreDiagnostics.a; sourceTree = BUILT_PRODUCTS_DIR; };
		80BB9F8B234E499B00ACB9FD /* libFirebaseInstanceID.a */ = {isa = PBXFileReference; explicitFileType = archive.ar; path = libFirebaseInstanceID.a; sourceTree = BUILT_PRODUCTS_DIR; };
		80BB9F8D234E499B00ACB9FD /* libGoogleDataTransport.a */ = {isa = PBXFileReference; explicitFileType = archive.ar; path = libGoogleDataTransport.a; sourceTree = BUILT_PRODUCTS_DIR; };
		80BB9F8F234E499B00ACB9FD /* libGoogleDataTransportCCTSupport.a */ = {isa = PBXFileReference; explicitFileType = archive.ar; path = libGoogleDataTransportCCTSupport.a; sourceTree = BUILT_PRODUCTS_DIR; };
		80BB9F91234E499B00ACB9FD /* libGoogleToolboxForMac.a */ = {isa = PBXFileReference; explicitFileType = archive.ar; path = libGoogleToolboxForMac.a; sourceTree = BUILT_PRODUCTS_DIR; };
		80BB9F93234E499B00ACB9FD /* libGoogleUtilities.a */ = {isa = PBXFileReference; explicitFileType = archive.ar; path = libGoogleUtilities.a; sourceTree = BUILT_PRODUCTS_DIR; };
		80BB9F95234E499B00ACB9FD /* libGTMSessionFetcher.a */ = {isa = PBXFileReference; explicitFileType = archive.ar; path = libGTMSessionFetcher.a; sourceTree = BUILT_PRODUCTS_DIR; };
		80BB9F97234E499B00ACB9FD /* liblibPhoneNumber-iOS.a */ = {isa = PBXFileReference; explicitFileType = archive.ar; path = "liblibPhoneNumber-iOS.a"; sourceTree = BUILT_PRODUCTS_DIR; };
		80BB9F99234E499B00ACB9FD /* liblibphonenumber.a */ = {isa = PBXFileReference; explicitFileType = archive.ar; path = liblibphonenumber.a; sourceTree = BUILT_PRODUCTS_DIR; };
		80BB9F9B234E499B00ACB9FD /* libnanopb.a */ = {isa = PBXFileReference; explicitFileType = archive.ar; path = libnanopb.a; sourceTree = BUILT_PRODUCTS_DIR; };
		80BB9F9D234E499B00ACB9FD /* libnative_device_orientation.a */ = {isa = PBXFileReference; explicitFileType = archive.ar; path = libnative_device_orientation.a; sourceTree = BUILT_PRODUCTS_DIR; };
		80BB9F9F234E499B00ACB9FD /* libonesignal_flutter.a */ = {isa = PBXFileReference; explicitFileType = archive.ar; path = libonesignal_flutter.a; sourceTree = BUILT_PRODUCTS_DIR; };
		80BB9FA1234E499B00ACB9FD /* libProtobuf.a */ = {isa = PBXFileReference; explicitFileType = archive.ar; path = libProtobuf.a; sourceTree = BUILT_PRODUCTS_DIR; };
		80BB9FA3234E499B00ACB9FD /* libqr_mobile_vision.a */ = {isa = PBXFileReference; explicitFileType = archive.ar; path = libqr_mobile_vision.a; sourceTree = BUILT_PRODUCTS_DIR; };
		80BB9FA5234E499B00ACB9FD /* libshared_preferences.a */ = {isa = PBXFileReference; explicitFileType = archive.ar; path = libshared_preferences.a; sourceTree = BUILT_PRODUCTS_DIR; };
		80BB9FA9234E49B900ACB9FD /* libfirebase_auth.a */ = {isa = PBXFileReference; explicitFileType = archive.ar; path = libfirebase_auth.a; sourceTree = BUILT_PRODUCTS_DIR; };
		80BB9FAB234E49B900ACB9FD /* libfirebase_core.a */ = {isa = PBXFileReference; explicitFileType = archive.ar; path = libfirebase_core.a; sourceTree = BUILT_PRODUCTS_DIR; };
		80BB9FAD234E49B900ACB9FD /* libFirebaseAuth.a */ = {isa = PBXFileReference; explicitFileType = archive.ar; path = libFirebaseAuth.a; sourceTree = BUILT_PRODUCTS_DIR; };
		80BB9FAF234E49B900ACB9FD /* libFirebaseCore.a */ = {isa = PBXFileReference; explicitFileType = archive.ar; path = libFirebaseCore.a; sourceTree = BUILT_PRODUCTS_DIR; };
		80BB9FB1234E49B900ACB9FD /* libFirebaseCoreDiagnostics.a */ = {isa = PBXFileReference; explicitFileType = archive.ar; path = libFirebaseCoreDiagnostics.a; sourceTree = BUILT_PRODUCTS_DIR; };
		80BB9FB3234E49B900ACB9FD /* libFirebaseInstanceID.a */ = {isa = PBXFileReference; explicitFileType = archive.ar; path = libFirebaseInstanceID.a; sourceTree = BUILT_PRODUCTS_DIR; };
		80BB9FB5234E49B900ACB9FD /* libGoogleDataTransport.a */ = {isa = PBXFileReference; explicitFileType = archive.ar; path = libGoogleDataTransport.a; sourceTree = BUILT_PRODUCTS_DIR; };
		80BB9FB7234E49B900ACB9FD /* libGoogleDataTransportCCTSupport.a */ = {isa = PBXFileReference; explicitFileType = archive.ar; path = libGoogleDataTransportCCTSupport.a; sourceTree = BUILT_PRODUCTS_DIR; };
		80BB9FB9234E49B900ACB9FD /* libGoogleToolboxForMac.a */ = {isa = PBXFileReference; explicitFileType = archive.ar; path = libGoogleToolboxForMac.a; sourceTree = BUILT_PRODUCTS_DIR; };
		80BB9FBB234E49B900ACB9FD /* libGoogleUtilities.a */ = {isa = PBXFileReference; explicitFileType = archive.ar; path = libGoogleUtilities.a; sourceTree = BUILT_PRODUCTS_DIR; };
		80BB9FBD234E49BA00ACB9FD /* libGTMSessionFetcher.a */ = {isa = PBXFileReference; explicitFileType = archive.ar; path = libGTMSessionFetcher.a; sourceTree = BUILT_PRODUCTS_DIR; };
		80BB9FBF234E49BA00ACB9FD /* liblibPhoneNumber-iOS.a */ = {isa = PBXFileReference; explicitFileType = archive.ar; path = "liblibPhoneNumber-iOS.a"; sourceTree = BUILT_PRODUCTS_DIR; };
		80BB9FC1234E49BA00ACB9FD /* liblibphonenumber.a */ = {isa = PBXFileReference; explicitFileType = archive.ar; path = liblibphonenumber.a; sourceTree = BUILT_PRODUCTS_DIR; };
		80BB9FC3234E49BA00ACB9FD /* libnanopb.a */ = {isa = PBXFileReference; explicitFileType = archive.ar; path = libnanopb.a; sourceTree = BUILT_PRODUCTS_DIR; };
		80BB9FC5234E49BA00ACB9FD /* libnative_device_orientation.a */ = {isa = PBXFileReference; explicitFileType = archive.ar; path = libnative_device_orientation.a; sourceTree = BUILT_PRODUCTS_DIR; };
		80BB9FC7234E49BA00ACB9FD /* libonesignal_flutter.a */ = {isa = PBXFileReference; explicitFileType = archive.ar; path = libonesignal_flutter.a; sourceTree = BUILT_PRODUCTS_DIR; };
		80BB9FC9234E49BA00ACB9FD /* libProtobuf.a */ = {isa = PBXFileReference; explicitFileType = archive.ar; path = libProtobuf.a; sourceTree = BUILT_PRODUCTS_DIR; };
		80BB9FCB234E49BA00ACB9FD /* libqr_mobile_vision.a */ = {isa = PBXFileReference; explicitFileType = archive.ar; path = libqr_mobile_vision.a; sourceTree = BUILT_PRODUCTS_DIR; };
		80BB9FCD234E49BA00ACB9FD /* libshared_preferences.a */ = {isa = PBXFileReference; explicitFileType = archive.ar; path = libshared_preferences.a; sourceTree = BUILT_PRODUCTS_DIR; };
		80BB9FD2234F2EA100ACB9FD /* libfirebase_auth.a */ = {isa = PBXFileReference; explicitFileType = archive.ar; path = libfirebase_auth.a; sourceTree = BUILT_PRODUCTS_DIR; };
		80BB9FD4234F2EA100ACB9FD /* libfirebase_core.a */ = {isa = PBXFileReference; explicitFileType = archive.ar; path = libfirebase_core.a; sourceTree = BUILT_PRODUCTS_DIR; };
		80BB9FD6234F2EA100ACB9FD /* libFirebaseAuth.a */ = {isa = PBXFileReference; explicitFileType = archive.ar; path = libFirebaseAuth.a; sourceTree = BUILT_PRODUCTS_DIR; };
		80BB9FD8234F2EA100ACB9FD /* libFirebaseCore.a */ = {isa = PBXFileReference; explicitFileType = archive.ar; path = libFirebaseCore.a; sourceTree = BUILT_PRODUCTS_DIR; };
		80BB9FDA234F2EA100ACB9FD /* libFirebaseCoreDiagnostics.a */ = {isa = PBXFileReference; explicitFileType = archive.ar; path = libFirebaseCoreDiagnostics.a; sourceTree = BUILT_PRODUCTS_DIR; };
		80BB9FDC234F2EA100ACB9FD /* libFirebaseInstanceID.a */ = {isa = PBXFileReference; explicitFileType = archive.ar; path = libFirebaseInstanceID.a; sourceTree = BUILT_PRODUCTS_DIR; };
		80BB9FDE234F2EA100ACB9FD /* libGoogleDataTransport.a */ = {isa = PBXFileReference; explicitFileType = archive.ar; path = libGoogleDataTransport.a; sourceTree = BUILT_PRODUCTS_DIR; };
		80BB9FE0234F2EA100ACB9FD /* libGoogleDataTransportCCTSupport.a */ = {isa = PBXFileReference; explicitFileType = archive.ar; path = libGoogleDataTransportCCTSupport.a; sourceTree = BUILT_PRODUCTS_DIR; };
		80BB9FE2234F2EA100ACB9FD /* libGoogleToolboxForMac.a */ = {isa = PBXFileReference; explicitFileType = archive.ar; path = libGoogleToolboxForMac.a; sourceTree = BUILT_PRODUCTS_DIR; };
		80BB9FE4234F2EA100ACB9FD /* libGoogleUtilities.a */ = {isa = PBXFileReference; explicitFileType = archive.ar; path = libGoogleUtilities.a; sourceTree = BUILT_PRODUCTS_DIR; };
		80BB9FE6234F2EA100ACB9FD /* libGTMSessionFetcher.a */ = {isa = PBXFileReference; explicitFileType = archive.ar; path = libGTMSessionFetcher.a; sourceTree = BUILT_PRODUCTS_DIR; };
		80BB9FE8234F2EA100ACB9FD /* liblibPhoneNumber-iOS.a */ = {isa = PBXFileReference; explicitFileType = archive.ar; path = "liblibPhoneNumber-iOS.a"; sourceTree = BUILT_PRODUCTS_DIR; };
		80BB9FEA234F2EA100ACB9FD /* liblibphonenumber.a */ = {isa = PBXFileReference; explicitFileType = archive.ar; path = liblibphonenumber.a; sourceTree = BUILT_PRODUCTS_DIR; };
		80BB9FEC234F2EA100ACB9FD /* libnanopb.a */ = {isa = PBXFileReference; explicitFileType = archive.ar; path = libnanopb.a; sourceTree = BUILT_PRODUCTS_DIR; };
		80BB9FEE234F2EA100ACB9FD /* libnative_device_orientation.a */ = {isa = PBXFileReference; explicitFileType = archive.ar; path = libnative_device_orientation.a; sourceTree = BUILT_PRODUCTS_DIR; };
		80BB9FF2234F2EA100ACB9FD /* libProtobuf.a */ = {isa = PBXFileReference; explicitFileType = archive.ar; path = libProtobuf.a; sourceTree = BUILT_PRODUCTS_DIR; };
		80BB9FF4234F2EA100ACB9FD /* libqr_mobile_vision.a */ = {isa = PBXFileReference; explicitFileType = archive.ar; path = libqr_mobile_vision.a; sourceTree = BUILT_PRODUCTS_DIR; };
		80BB9FF6234F2EA100ACB9FD /* libshared_preferences.a */ = {isa = PBXFileReference; explicitFileType = archive.ar; path = libshared_preferences.a; sourceTree = BUILT_PRODUCTS_DIR; };
		80BB9FFB234F314D00ACB9FD /* libonesignal_flutter.a */ = {isa = PBXFileReference; explicitFileType = archive.ar; path = libonesignal_flutter.a; sourceTree = BUILT_PRODUCTS_DIR; };
		80BB9FFD234F349100ACB9FD /* libonesignal_flutter.a */ = {isa = PBXFileReference; explicitFileType = archive.ar; path = libonesignal_flutter.a; sourceTree = BUILT_PRODUCTS_DIR; };
		80C3417C24B2B73500CB39C6 /* Runner-Bridging-Header.h */ = {isa = PBXFileReference; lastKnownFileType = sourcecode.c.h; path = "Runner-Bridging-Header.h"; sourceTree = "<group>"; };
		80C3417D24B2B73600CB39C6 /* File.swift */ = {isa = PBXFileReference; lastKnownFileType = sourcecode.swift; path = File.swift; sourceTree = "<group>"; };
		80C3418124B2C25C00CB39C6 /* GoogleService-Info.plist */ = {isa = PBXFileReference; fileEncoding = 4; lastKnownFileType = text.plist.xml; path = "GoogleService-Info.plist"; sourceTree = "<group>"; };
		80DAB2A5234DF52800A4AD33 /* Runner.entitlements */ = {isa = PBXFileReference; lastKnownFileType = text.plist.entitlements; path = Runner.entitlements; sourceTree = "<group>"; };
		9740EEB21CF90195004384FC /* Debug.xcconfig */ = {isa = PBXFileReference; fileEncoding = 4; lastKnownFileType = text.xcconfig; name = Debug.xcconfig; path = Flutter/Debug.xcconfig; sourceTree = "<group>"; };
		9740EEB31CF90195004384FC /* Generated.xcconfig */ = {isa = PBXFileReference; fileEncoding = 4; lastKnownFileType = text.xcconfig; name = Generated.xcconfig; path = Flutter/Generated.xcconfig; sourceTree = "<group>"; };
		97C146EE1CF9000F007C117D /* Runner.app */ = {isa = PBXFileReference; explicitFileType = wrapper.application; includeInIndex = 0; path = Runner.app; sourceTree = BUILT_PRODUCTS_DIR; };
		97C146F21CF9000F007C117D /* main.m */ = {isa = PBXFileReference; lastKnownFileType = sourcecode.c.objc; path = main.m; sourceTree = "<group>"; };
		97C146FB1CF9000F007C117D /* Base */ = {isa = PBXFileReference; lastKnownFileType = file.storyboard; name = Base; path = Base.lproj/Main.storyboard; sourceTree = "<group>"; };
		97C146FD1CF9000F007C117D /* Assets.xcassets */ = {isa = PBXFileReference; lastKnownFileType = folder.assetcatalog; path = Assets.xcassets; sourceTree = "<group>"; };
		97C147001CF9000F007C117D /* Base */ = {isa = PBXFileReference; lastKnownFileType = file.storyboard; name = Base; path = Base.lproj/LaunchScreen.storyboard; sourceTree = "<group>"; };
		97C147021CF9000F007C117D /* Info.plist */ = {isa = PBXFileReference; lastKnownFileType = text.plist.xml; path = Info.plist; sourceTree = "<group>"; };
		9B4D3D8A6E95FBC1DA1E51FD /* Pods-Runner.release.xcconfig */ = {isa = PBXFileReference; includeInIndex = 1; lastKnownFileType = text.xcconfig; name = "Pods-Runner.release.xcconfig"; path = "Target Support Files/Pods-Runner/Pods-Runner.release.xcconfig"; sourceTree = "<group>"; };
		C5F3480CAD00A092048D9D84 /* Pods_Runner.framework */ = {isa = PBXFileReference; explicitFileType = wrapper.framework; includeInIndex = 0; path = Pods_Runner.framework; sourceTree = BUILT_PRODUCTS_DIR; };
/* End PBXFileReference section */

/* Begin PBXFrameworksBuildPhase section */
		97C146EB1CF9000F007C117D /* Frameworks */ = {
			isa = PBXFrameworksBuildPhase;
			buildActionMask = 2147483647;
			files = (
				CA2D7DF7017A4E9A7EFCD2E6 /* Pods_Runner.framework in Frameworks */,
			);
			runOnlyForDeploymentPostprocessing = 0;
		};
/* End PBXFrameworksBuildPhase section */

/* Begin PBXGroup section */
		9740EEB11CF90186004384FC /* Flutter */ = {
			isa = PBXGroup;
			children = (
				3B3967151E833CAA004F5970 /* AppFrameworkInfo.plist */,
				9740EEB21CF90195004384FC /* Debug.xcconfig */,
				7AFA3C8E1D35360C0083082E /* Release.xcconfig */,
				9740EEB31CF90195004384FC /* Generated.xcconfig */,
			);
			name = Flutter;
			sourceTree = "<group>";
		};
		97C146E51CF9000F007C117D = {
			isa = PBXGroup;
			children = (
				80C3417D24B2B73600CB39C6 /* File.swift */,
				9740EEB11CF90186004384FC /* Flutter */,
				97C146F01CF9000F007C117D /* Runner */,
				97C146EF1CF9000F007C117D /* Products */,
				B80B1E7F834F24DDC9BD337C /* Pods */,
				A64D6AC20070A9C4AF0A0B8B /* Frameworks */,
				80C3417C24B2B73500CB39C6 /* Runner-Bridging-Header.h */,
			);
			sourceTree = "<group>";
		};
		97C146EF1CF9000F007C117D /* Products */ = {
			isa = PBXGroup;
			children = (
				97C146EE1CF9000F007C117D /* Runner.app */,
			);
			name = Products;
			sourceTree = "<group>";
		};
		97C146F01CF9000F007C117D /* Runner */ = {
			isa = PBXGroup;
			children = (
				80C3418124B2C25C00CB39C6 /* GoogleService-Info.plist */,
				80DAB2A5234DF52800A4AD33 /* Runner.entitlements */,
				7AFFD8ED1D35381100E5BB4D /* AppDelegate.h */,
				7AFFD8EE1D35381100E5BB4D /* AppDelegate.m */,
				97C146FA1CF9000F007C117D /* Main.storyboard */,
				97C146FD1CF9000F007C117D /* Assets.xcassets */,
				97C146FF1CF9000F007C117D /* LaunchScreen.storyboard */,
				97C147021CF9000F007C117D /* Info.plist */,
				97C146F11CF9000F007C117D /* Supporting Files */,
				1498D2321E8E86230040F4C2 /* GeneratedPluginRegistrant.h */,
				1498D2331E8E89220040F4C2 /* GeneratedPluginRegistrant.m */,
			);
			path = Runner;
			sourceTree = "<group>";
		};
		97C146F11CF9000F007C117D /* Supporting Files */ = {
			isa = PBXGroup;
			children = (
				97C146F21CF9000F007C117D /* main.m */,
			);
			name = "Supporting Files";
			sourceTree = "<group>";
		};
		A64D6AC20070A9C4AF0A0B8B /* Frameworks */ = {
			isa = PBXGroup;
			children = (
				8058655024B226C700702F97 /* libFBSDKCoreKit.a */,
				8058654E24B2269100702F97 /* libflutter_inappwebview.a */,
				80720813239E58E300E5F7A3 /* libBolts.a */,
				80720815239E58E300E5F7A3 /* libFBSDKCoreKit.a */,
				80720817239E58E300E5F7A3 /* libFBSDKLoginKit.a */,
				80720819239E58E300E5F7A3 /* libfirebase_auth.a */,
				8072081B239E58E300E5F7A3 /* libflutter_facebook_login.a */,
				8072081D239E58E300E5F7A3 /* libgoogle_sign_in.a */,
				80B8C885234F8267001F725E /* libonesignal.a */,
				80B8C883234F66D0001F725E /* libonesignal_flutter.a */,
				80B8C881234F38F8001F725E /* libonesignal.a */,
				80BB9FFD234F349100ACB9FD /* libonesignal_flutter.a */,
				80BB9FFB234F314D00ACB9FD /* libonesignal_flutter.a */,
				80BB9FD2234F2EA100ACB9FD /* libfirebase_auth.a */,
				80BB9FD4234F2EA100ACB9FD /* libfirebase_core.a */,
				80BB9FD6234F2EA100ACB9FD /* libFirebaseAuth.a */,
				80BB9FD8234F2EA100ACB9FD /* libFirebaseCore.a */,
				80BB9FDA234F2EA100ACB9FD /* libFirebaseCoreDiagnostics.a */,
				80BB9FDC234F2EA100ACB9FD /* libFirebaseInstanceID.a */,
				80BB9FDE234F2EA100ACB9FD /* libGoogleDataTransport.a */,
				80BB9FE0234F2EA100ACB9FD /* libGoogleDataTransportCCTSupport.a */,
				80BB9FE2234F2EA100ACB9FD /* libGoogleToolboxForMac.a */,
				80BB9FE4234F2EA100ACB9FD /* libGoogleUtilities.a */,
				80BB9FE6234F2EA100ACB9FD /* libGTMSessionFetcher.a */,
				80BB9FE8234F2EA100ACB9FD /* liblibPhoneNumber-iOS.a */,
				80BB9FEA234F2EA100ACB9FD /* liblibphonenumber.a */,
				80BB9FEC234F2EA100ACB9FD /* libnanopb.a */,
				80BB9FEE234F2EA100ACB9FD /* libnative_device_orientation.a */,
				80BB9FF2234F2EA100ACB9FD /* libProtobuf.a */,
				80BB9FF4234F2EA100ACB9FD /* libqr_mobile_vision.a */,
				80BB9FF6234F2EA100ACB9FD /* libshared_preferences.a */,
				80BB9FA9234E49B900ACB9FD /* libfirebase_auth.a */,
				80BB9FAB234E49B900ACB9FD /* libfirebase_core.a */,
				80BB9FAD234E49B900ACB9FD /* libFirebaseAuth.a */,
				80BB9FAF234E49B900ACB9FD /* libFirebaseCore.a */,
				80BB9FB1234E49B900ACB9FD /* libFirebaseCoreDiagnostics.a */,
				80BB9FB3234E49B900ACB9FD /* libFirebaseInstanceID.a */,
				80BB9FB5234E49B900ACB9FD /* libGoogleDataTransport.a */,
				80BB9FB7234E49B900ACB9FD /* libGoogleDataTransportCCTSupport.a */,
				80BB9FB9234E49B900ACB9FD /* libGoogleToolboxForMac.a */,
				80BB9FBB234E49B900ACB9FD /* libGoogleUtilities.a */,
				80BB9FBD234E49BA00ACB9FD /* libGTMSessionFetcher.a */,
				80BB9FBF234E49BA00ACB9FD /* liblibPhoneNumber-iOS.a */,
				80BB9FC1234E49BA00ACB9FD /* liblibphonenumber.a */,
				80BB9FC3234E49BA00ACB9FD /* libnanopb.a */,
				80BB9FC5234E49BA00ACB9FD /* libnative_device_orientation.a */,
				80BB9FC7234E49BA00ACB9FD /* libonesignal_flutter.a */,
				80BB9FC9234E49BA00ACB9FD /* libProtobuf.a */,
				80BB9FCB234E49BA00ACB9FD /* libqr_mobile_vision.a */,
				80BB9FCD234E49BA00ACB9FD /* libshared_preferences.a */,
				80BB9F81234E499B00ACB9FD /* libfirebase_auth.a */,
				80BB9F83234E499B00ACB9FD /* libfirebase_core.a */,
				80BB9F85234E499B00ACB9FD /* libFirebaseAuth.a */,
				80BB9F87234E499B00ACB9FD /* libFirebaseCore.a */,
				80BB9F89234E499B00ACB9FD /* libFirebaseCoreDiagnostics.a */,
				80BB9F8B234E499B00ACB9FD /* libFirebaseInstanceID.a */,
				80BB9F8D234E499B00ACB9FD /* libGoogleDataTransport.a */,
				80BB9F8F234E499B00ACB9FD /* libGoogleDataTransportCCTSupport.a */,
				80BB9F91234E499B00ACB9FD /* libGoogleToolboxForMac.a */,
				80BB9F93234E499B00ACB9FD /* libGoogleUtilities.a */,
				80BB9F95234E499B00ACB9FD /* libGTMSessionFetcher.a */,
				80BB9F97234E499B00ACB9FD /* liblibPhoneNumber-iOS.a */,
				80BB9F99234E499B00ACB9FD /* liblibphonenumber.a */,
				80BB9F9B234E499B00ACB9FD /* libnanopb.a */,
				80BB9F9D234E499B00ACB9FD /* libnative_device_orientation.a */,
				80BB9F9F234E499B00ACB9FD /* libonesignal_flutter.a */,
				80BB9FA1234E499B00ACB9FD /* libProtobuf.a */,
				80BB9FA3234E499B00ACB9FD /* libqr_mobile_vision.a */,
				80BB9FA5234E499B00ACB9FD /* libshared_preferences.a */,
				80BB9F4F234E285900ACB9FD /* libFBSDKCoreKit.a */,
				80BB9F51234E285900ACB9FD /* libFBSDKLoginKit.a */,
				80BB9F53234E285900ACB9FD /* libfirebase_auth.a */,
				80BB9F55234E285900ACB9FD /* libfirebase_core.a */,
				80BB9F57234E285900ACB9FD /* libFirebaseAuth.a */,
				80BB9F59234E285900ACB9FD /* libFirebaseCore.a */,
				80BB9F5B234E285900ACB9FD /* libFirebaseCoreDiagnostics.a */,
				80BB9F5D234E285900ACB9FD /* libFirebaseInstanceID.a */,
				80BB9F5F234E285900ACB9FD /* libflutter_facebook_login.a */,
				80BB9F61234E285900ACB9FD /* libgoogle_sign_in.a */,
				80BB9F63234E285900ACB9FD /* libGoogleDataTransport.a */,
				80BB9F65234E285900ACB9FD /* libGoogleDataTransportCCTSupport.a */,
				80BB9F67234E285900ACB9FD /* libGoogleToolboxForMac.a */,
				80BB9F69234E285900ACB9FD /* libGoogleUtilities.a */,
				80BB9F6B234E285900ACB9FD /* libGTMSessionFetcher.a */,
				80BB9F6D234E285900ACB9FD /* liblibPhoneNumber-iOS.a */,
				80BB9F6F234E285900ACB9FD /* liblibphonenumber.a */,
				80BB9F71234E285900ACB9FD /* libnanopb.a */,
				80BB9F73234E285900ACB9FD /* libnative_device_orientation.a */,
				80BB9F75234E285900ACB9FD /* libonesignal_flutter.a */,
				80BB9F79234E285900ACB9FD /* libProtobuf.a */,
				80BB9F7B234E285900ACB9FD /* libqr_mobile_vision.a */,
				80BB9F7D234E285900ACB9FD /* libshared_preferences.a */,
				80BB9F4D234E284B00ACB9FD /* libBolts.a */,
				28C72311303EF30819508483 /* libPods-OneSignalNotificationServiceExtension.a */,
				C5F3480CAD00A092048D9D84 /* Pods_Runner.framework */,
			);
			name = Frameworks;
			sourceTree = "<group>";
		};
		B80B1E7F834F24DDC9BD337C /* Pods */ = {
			isa = PBXGroup;
			children = (
				6A72E7B837671D82BCE93EBA /* Pods-Runner.debug.xcconfig */,
				9B4D3D8A6E95FBC1DA1E51FD /* Pods-Runner.release.xcconfig */,
				7B9BD232226256DD14A43E88 /* Pods-Runner.profile.xcconfig */,
			);
			path = Pods;
			sourceTree = "<group>";
		};
/* End PBXGroup section */

/* Begin PBXNativeTarget section */
		97C146ED1CF9000F007C117D /* Runner */ = {
			isa = PBXNativeTarget;
			buildConfigurationList = 97C147051CF9000F007C117D /* Build configuration list for PBXNativeTarget "Runner" */;
			buildPhases = (
				FF67E026F147009B3E2304DC /* [CP] Check Pods Manifest.lock */,
				9740EEB61CF901F6004384FC /* Run Script */,
				97C146EA1CF9000F007C117D /* Sources */,
				97C146EB1CF9000F007C117D /* Frameworks */,
				97C146EC1CF9000F007C117D /* Resources */,
				9705A1C41CF9048500538489 /* Embed Frameworks */,
				3B06AD1E1E4923F5004D2608 /* Thin Binary */,
				48AA720B840006DDCBF5AA1A /* [CP] Embed Pods Frameworks */,
				80DAB2A4234DF4B900A4AD33 /* Embed App Extensions */,
				32C8B0E12C8BAF2D7E9F8C5E /* [CP] Copy Pods Resources */,
			);
			buildRules = (
			);
			dependencies = (
			);
			name = Runner;
			productName = Runner;
			productReference = 97C146EE1CF9000F007C117D /* Runner.app */;
			productType = "com.apple.product-type.application";
		};
/* End PBXNativeTarget section */

/* Begin PBXProject section */
		97C146E61CF9000F007C117D /* Project object */ = {
			isa = PBXProject;
			attributes = {
				LastUpgradeCheck = 1020;
				ORGANIZATIONNAME = "The Chromium Authors";
				TargetAttributes = {
					97C146ED1CF9000F007C117D = {
						CreatedOnToolsVersion = 7.3.1;
						DevelopmentTeam = K5DVP8B94C;
						LastSwiftMigration = 1130;
						SystemCapabilities = {
							com.apple.BackgroundModes = {
								enabled = 1;
							};
							com.apple.Push = {
								enabled = 1;
							};
						};
					};
				};
			};
			buildConfigurationList = 97C146E91CF9000F007C117D /* Build configuration list for PBXProject "Runner" */;
			compatibilityVersion = "Xcode 3.2";
			developmentRegion = en;
			hasScannedForEncodings = 0;
			knownRegions = (
				en,
				Base,
			);
			mainGroup = 97C146E51CF9000F007C117D;
			productRefGroup = 97C146EF1CF9000F007C117D /* Products */;
			projectDirPath = "";
			projectRoot = "";
			targets = (
				97C146ED1CF9000F007C117D /* Runner */,
			);
		};
/* End PBXProject section */

/* Begin PBXResourcesBuildPhase section */
		97C146EC1CF9000F007C117D /* Resources */ = {
			isa = PBXResourcesBuildPhase;
			buildActionMask = 2147483647;
			files = (
				97C147011CF9000F007C117D /* LaunchScreen.storyboard in Resources */,
				3B3967161E833CAA004F5970 /* AppFrameworkInfo.plist in Resources */,
				9740EEB41CF90195004384FC /* Debug.xcconfig in Resources */,
				97C146FE1CF9000F007C117D /* Assets.xcassets in Resources */,
				97C146FC1CF9000F007C117D /* Main.storyboard in Resources */,
				80C3418224B2C25C00CB39C6 /* GoogleService-Info.plist in Resources */,
			);
			runOnlyForDeploymentPostprocessing = 0;
		};
/* End PBXResourcesBuildPhase section */

/* Begin PBXShellScriptBuildPhase section */
		32C8B0E12C8BAF2D7E9F8C5E /* [CP] Copy Pods Resources */ = {
			isa = PBXShellScriptBuildPhase;
			buildActionMask = 2147483647;
			files = (
			);
			inputPaths = (
				"${PODS_ROOT}/Target Support Files/Pods-Runner/Pods-Runner-resources.sh",
				"${PODS_ROOT}/TwitterKit5/iOS/TwitterKit.framework/TwitterKitResources.bundle",
			);
			name = "[CP] Copy Pods Resources";
			outputPaths = (
				"${TARGET_BUILD_DIR}/${UNLOCALIZED_RESOURCES_FOLDER_PATH}/TwitterKitResources.bundle",
			);
			runOnlyForDeploymentPostprocessing = 0;
			shellPath = /bin/sh;
			shellScript = "\"${PODS_ROOT}/Target Support Files/Pods-Runner/Pods-Runner-resources.sh\"\n";
			showEnvVarsInLog = 0;
		};
		3B06AD1E1E4923F5004D2608 /* Thin Binary */ = {
			isa = PBXShellScriptBuildPhase;
			buildActionMask = 2147483647;
			files = (
			);
			inputPaths = (
			);
			name = "Thin Binary";
			outputPaths = (
			);
			runOnlyForDeploymentPostprocessing = 0;
			shellPath = /bin/sh;
			shellScript = "/bin/sh \"$FLUTTER_ROOT/packages/flutter_tools/bin/xcode_backend.sh\" embed_and_thin";
		};
		48AA720B840006DDCBF5AA1A /* [CP] Embed Pods Frameworks */ = {
			isa = PBXShellScriptBuildPhase;
			buildActionMask = 2147483647;
			files = (
			);
			inputPaths = (
				"${PODS_ROOT}/Target Support Files/Pods-Runner/Pods-Runner-frameworks.sh",
				"${BUILT_PRODUCTS_DIR}/FBSDKCoreKit/FBSDKCoreKit.framework",
				"${BUILT_PRODUCTS_DIR}/FBSDKLoginKit/FBSDKLoginKit.framework",
				"${BUILT_PRODUCTS_DIR}/FMDB/FMDB.framework",
				"${BUILT_PRODUCTS_DIR}/FirebaseAuth/FirebaseAuth.framework",
				"${BUILT_PRODUCTS_DIR}/FirebaseCore/FirebaseCore.framework",
				"${BUILT_PRODUCTS_DIR}/FirebaseCoreDiagnostics/FirebaseCoreDiagnostics.framework",
				"${BUILT_PRODUCTS_DIR}/FirebaseCrashlytics/FirebaseCrashlytics.framework",
				"${BUILT_PRODUCTS_DIR}/FirebaseDynamicLinks/FirebaseDynamicLinks.framework",
				"${BUILT_PRODUCTS_DIR}/FirebaseInstallations/FirebaseInstallations.framework",
				"${BUILT_PRODUCTS_DIR}/FirebaseInstanceID/FirebaseInstanceID.framework",
				"${BUILT_PRODUCTS_DIR}/FirebaseMessaging/FirebaseMessaging.framework",
				"${PODS_ROOT}/../Flutter/Flutter.framework",
				"${BUILT_PRODUCTS_DIR}/GTMSessionFetcher/GTMSessionFetcher.framework",
				"${BUILT_PRODUCTS_DIR}/GoogleDataTransport/GoogleDataTransport.framework",
				"${BUILT_PRODUCTS_DIR}/GoogleUtilities/GoogleUtilities.framework",
				"${BUILT_PRODUCTS_DIR}/MTBBarcodeScanner/MTBBarcodeScanner.framework",
				"${BUILT_PRODUCTS_DIR}/PromisesObjC/FBLPromises.framework",
				"${PODS_ROOT}/TwitterCore/iOS/TwitterCore.framework",
				"${PODS_ROOT}/TwitterKit5/iOS/TwitterKit.framework",
				"${BUILT_PRODUCTS_DIR}/apple_sign_in/apple_sign_in.framework",
				"${BUILT_PRODUCTS_DIR}/flutter_inappwebview/flutter_inappwebview.framework",
				"${BUILT_PRODUCTS_DIR}/flutter_webview_plugin/flutter_webview_plugin.framework",
				"${BUILT_PRODUCTS_DIR}/fluttertoast/fluttertoast.framework",
				"${BUILT_PRODUCTS_DIR}/libPhoneNumber-iOS/libPhoneNumber_iOS.framework",
				"${BUILT_PRODUCTS_DIR}/libphonenumber/libphonenumber.framework",
				"${BUILT_PRODUCTS_DIR}/nanopb/nanopb.framework",
				"${BUILT_PRODUCTS_DIR}/package_info/package_info.framework",
				"${BUILT_PRODUCTS_DIR}/path_provider/path_provider.framework",
				"${BUILT_PRODUCTS_DIR}/qr_code_scanner/qr_code_scanner.framework",
				"${BUILT_PRODUCTS_DIR}/shared_preferences/shared_preferences.framework",
				"${BUILT_PRODUCTS_DIR}/sqflite/sqflite.framework",
				"${BUILT_PRODUCTS_DIR}/video_player/video_player.framework",
				"${BUILT_PRODUCTS_DIR}/wakelock/wakelock.framework",
			);
			name = "[CP] Embed Pods Frameworks";
			outputPaths = (
				"${TARGET_BUILD_DIR}/${FRAMEWORKS_FOLDER_PATH}/FBSDKCoreKit.framework",
				"${TARGET_BUILD_DIR}/${FRAMEWORKS_FOLDER_PATH}/FBSDKLoginKit.framework",
				"${TARGET_BUILD_DIR}/${FRAMEWORKS_FOLDER_PATH}/FMDB.framework",
				"${TARGET_BUILD_DIR}/${FRAMEWORKS_FOLDER_PATH}/FirebaseAuth.framework",
				"${TARGET_BUILD_DIR}/${FRAMEWORKS_FOLDER_PATH}/FirebaseCore.framework",
				"${TARGET_BUILD_DIR}/${FRAMEWORKS_FOLDER_PATH}/FirebaseCoreDiagnostics.framework",
				"${TARGET_BUILD_DIR}/${FRAMEWORKS_FOLDER_PATH}/FirebaseCrashlytics.framework",
				"${TARGET_BUILD_DIR}/${FRAMEWORKS_FOLDER_PATH}/FirebaseDynamicLinks.framework",
				"${TARGET_BUILD_DIR}/${FRAMEWORKS_FOLDER_PATH}/FirebaseInstallations.framework",
				"${TARGET_BUILD_DIR}/${FRAMEWORKS_FOLDER_PATH}/FirebaseInstanceID.framework",
				"${TARGET_BUILD_DIR}/${FRAMEWORKS_FOLDER_PATH}/FirebaseMessaging.framework",
				"${TARGET_BUILD_DIR}/${FRAMEWORKS_FOLDER_PATH}/Flutter.framework",
				"${TARGET_BUILD_DIR}/${FRAMEWORKS_FOLDER_PATH}/GTMSessionFetcher.framework",
				"${TARGET_BUILD_DIR}/${FRAMEWORKS_FOLDER_PATH}/GoogleDataTransport.framework",
				"${TARGET_BUILD_DIR}/${FRAMEWORKS_FOLDER_PATH}/GoogleUtilities.framework",
				"${TARGET_BUILD_DIR}/${FRAMEWORKS_FOLDER_PATH}/MTBBarcodeScanner.framework",
				"${TARGET_BUILD_DIR}/${FRAMEWORKS_FOLDER_PATH}/FBLPromises.framework",
				"${TARGET_BUILD_DIR}/${FRAMEWORKS_FOLDER_PATH}/TwitterCore.framework",
				"${TARGET_BUILD_DIR}/${FRAMEWORKS_FOLDER_PATH}/TwitterKit.framework",
				"${TARGET_BUILD_DIR}/${FRAMEWORKS_FOLDER_PATH}/apple_sign_in.framework",
				"${TARGET_BUILD_DIR}/${FRAMEWORKS_FOLDER_PATH}/flutter_inappwebview.framework",
				"${TARGET_BUILD_DIR}/${FRAMEWORKS_FOLDER_PATH}/flutter_webview_plugin.framework",
				"${TARGET_BUILD_DIR}/${FRAMEWORKS_FOLDER_PATH}/fluttertoast.framework",
				"${TARGET_BUILD_DIR}/${FRAMEWORKS_FOLDER_PATH}/libPhoneNumber_iOS.framework",
				"${TARGET_BUILD_DIR}/${FRAMEWORKS_FOLDER_PATH}/libphonenumber.framework",
				"${TARGET_BUILD_DIR}/${FRAMEWORKS_FOLDER_PATH}/nanopb.framework",
				"${TARGET_BUILD_DIR}/${FRAMEWORKS_FOLDER_PATH}/package_info.framework",
				"${TARGET_BUILD_DIR}/${FRAMEWORKS_FOLDER_PATH}/path_provider.framework",
				"${TARGET_BUILD_DIR}/${FRAMEWORKS_FOLDER_PATH}/qr_code_scanner.framework",
				"${TARGET_BUILD_DIR}/${FRAMEWORKS_FOLDER_PATH}/shared_preferences.framework",
				"${TARGET_BUILD_DIR}/${FRAMEWORKS_FOLDER_PATH}/sqflite.framework",
				"${TARGET_BUILD_DIR}/${FRAMEWORKS_FOLDER_PATH}/video_player.framework",
				"${TARGET_BUILD_DIR}/${FRAMEWORKS_FOLDER_PATH}/wakelock.framework",
			);
			runOnlyForDeploymentPostprocessing = 0;
			shellPath = /bin/sh;
			shellScript = "\"${PODS_ROOT}/Target Support Files/Pods-Runner/Pods-Runner-frameworks.sh\"\n";
			showEnvVarsInLog = 0;
		};
		9740EEB61CF901F6004384FC /* Run Script */ = {
			isa = PBXShellScriptBuildPhase;
			buildActionMask = 2147483647;
			files = (
			);
			inputPaths = (
			);
			name = "Run Script";
			outputPaths = (
			);
			runOnlyForDeploymentPostprocessing = 0;
			shellPath = /bin/sh;
			shellScript = "/bin/sh \"$FLUTTER_ROOT/packages/flutter_tools/bin/xcode_backend.sh\" build";
		};
		FF67E026F147009B3E2304DC /* [CP] Check Pods Manifest.lock */ = {
			isa = PBXShellScriptBuildPhase;
			buildActionMask = 2147483647;
			files = (
			);
			inputFileListPaths = (
			);
			inputPaths = (
				"${PODS_PODFILE_DIR_PATH}/Podfile.lock",
				"${PODS_ROOT}/Manifest.lock",
			);
			name = "[CP] Check Pods Manifest.lock";
			outputFileListPaths = (
			);
			outputPaths = (
				"$(DERIVED_FILE_DIR)/Pods-Runner-checkManifestLockResult.txt",
			);
			runOnlyForDeploymentPostprocessing = 0;
			shellPath = /bin/sh;
			shellScript = "diff \"${PODS_PODFILE_DIR_PATH}/Podfile.lock\" \"${PODS_ROOT}/Manifest.lock\" > /dev/null\nif [ $? != 0 ] ; then\n    # print error to STDERR\n    echo \"error: The sandbox is not in sync with the Podfile.lock. Run 'pod install' or update your CocoaPods installation.\" >&2\n    exit 1\nfi\n# This output is used by Xcode 'outputs' to avoid re-running this script phase.\necho \"SUCCESS\" > \"${SCRIPT_OUTPUT_FILE_0}\"\n";
			showEnvVarsInLog = 0;
		};
/* End PBXShellScriptBuildPhase section */

/* Begin PBXSourcesBuildPhase section */
		97C146EA1CF9000F007C117D /* Sources */ = {
			isa = PBXSourcesBuildPhase;
			buildActionMask = 2147483647;
			files = (
				978B8F6F1D3862AE00F588F7 /* AppDelegate.m in Sources */,
				80C3417E24B2B73600CB39C6 /* File.swift in Sources */,
				97C146F31CF9000F007C117D /* main.m in Sources */,
				1498D2341E8E89220040F4C2 /* GeneratedPluginRegistrant.m in Sources */,
			);
			runOnlyForDeploymentPostprocessing = 0;
		};
/* End PBXSourcesBuildPhase section */

/* Begin PBXVariantGroup section */
		97C146FA1CF9000F007C117D /* Main.storyboard */ = {
			isa = PBXVariantGroup;
			children = (
				97C146FB1CF9000F007C117D /* Base */,
			);
			name = Main.storyboard;
			sourceTree = "<group>";
		};
		97C146FF1CF9000F007C117D /* LaunchScreen.storyboard */ = {
			isa = PBXVariantGroup;
			children = (
				97C147001CF9000F007C117D /* Base */,
			);
			name = LaunchScreen.storyboard;
			sourceTree = "<group>";
		};
/* End PBXVariantGroup section */

/* Begin XCBuildConfiguration section */
		249021D3217E4FDB00AE95B9 /* Profile */ = {
			isa = XCBuildConfiguration;
			buildSettings = {
				ALWAYS_SEARCH_USER_PATHS = NO;
				CLANG_ANALYZER_NONNULL = YES;
				CLANG_CXX_LANGUAGE_STANDARD = "gnu++0x";
				CLANG_CXX_LIBRARY = "libc++";
				CLANG_ENABLE_MODULES = YES;
				CLANG_ENABLE_OBJC_ARC = YES;
				CLANG_WARN_BLOCK_CAPTURE_AUTORELEASING = YES;
				CLANG_WARN_BOOL_CONVERSION = YES;
				CLANG_WARN_COMMA = YES;
				CLANG_WARN_CONSTANT_CONVERSION = YES;
				CLANG_WARN_DEPRECATED_OBJC_IMPLEMENTATIONS = YES;
				CLANG_WARN_DIRECT_OBJC_ISA_USAGE = YES_ERROR;
				CLANG_WARN_EMPTY_BODY = YES;
				CLANG_WARN_ENUM_CONVERSION = YES;
				CLANG_WARN_INFINITE_RECURSION = YES;
				CLANG_WARN_INT_CONVERSION = YES;
				CLANG_WARN_NON_LITERAL_NULL_CONVERSION = YES;
				CLANG_WARN_OBJC_IMPLICIT_RETAIN_SELF = YES;
				CLANG_WARN_OBJC_LITERAL_CONVERSION = YES;
				CLANG_WARN_OBJC_ROOT_CLASS = YES_ERROR;
				CLANG_WARN_RANGE_LOOP_ANALYSIS = YES;
				CLANG_WARN_STRICT_PROTOTYPES = YES;
				CLANG_WARN_SUSPICIOUS_MOVE = YES;
				CLANG_WARN_UNREACHABLE_CODE = YES;
				CLANG_WARN__DUPLICATE_METHOD_MATCH = YES;
				"CODE_SIGN_IDENTITY[sdk=iphoneos*]" = "iPhone Developer";
				COPY_PHASE_STRIP = NO;
				DEBUG_INFORMATION_FORMAT = "dwarf-with-dsym";
				ENABLE_BITCODE = NO;
				ENABLE_NS_ASSERTIONS = NO;
				ENABLE_STRICT_OBJC_MSGSEND = YES;
				GCC_C_LANGUAGE_STANDARD = gnu99;
				GCC_NO_COMMON_BLOCKS = YES;
				GCC_WARN_64_TO_32_BIT_CONVERSION = YES;
				GCC_WARN_ABOUT_RETURN_TYPE = YES_ERROR;
				GCC_WARN_UNDECLARED_SELECTOR = YES;
				GCC_WARN_UNINITIALIZED_AUTOS = YES_AGGRESSIVE;
				GCC_WARN_UNUSED_FUNCTION = YES;
				GCC_WARN_UNUSED_VARIABLE = YES;
				IPHONEOS_DEPLOYMENT_TARGET = 9.0;
				MTL_ENABLE_DEBUG_INFO = NO;
				SDKROOT = iphoneos;
				TARGETED_DEVICE_FAMILY = "1,2";
				VALIDATE_PRODUCT = YES;
			};
			name = Profile;
		};
		249021D4217E4FDB00AE95B9 /* Profile */ = {
			isa = XCBuildConfiguration;
			baseConfigurationReference = 7AFA3C8E1D35360C0083082E /* Release.xcconfig */;
			buildSettings = {
				ASSETCATALOG_COMPILER_APPICON_NAME = AppIcon;
				CLANG_ENABLE_MODULES = YES;
				CODE_SIGN_ENTITLEMENTS = Runner/Runner.entitlements;
				CODE_SIGN_IDENTITY = "iPhone Developer";
				CURRENT_PROJECT_VERSION = 1;
				DEVELOPMENT_TEAM = K5DVP8B94C;
				ENABLE_BITCODE = NO;
				FRAMEWORK_SEARCH_PATHS = (
					"$(inherited)",
					"$(PROJECT_DIR)/Flutter",
				);
				INFOPLIST_FILE = Runner/Info.plist;
				IPHONEOS_DEPLOYMENT_TARGET = 13.0;
				LD_RUNPATH_SEARCH_PATHS = "$(inherited) @executable_path/Frameworks";
				LIBRARY_SEARCH_PATHS = (
					"$(inherited)",
					"$(PROJECT_DIR)/Flutter",
					"$(TOOLCHAIN_DIR)/usr/lib/swift/$(PLATFORM_NAME)",
				);
				MARKETING_VERSION = 2.0.6;
				PRODUCT_BUNDLE_IDENTIFIER = com.mobidevlabs.ande;
				PRODUCT_NAME = "$(TARGET_NAME)";
				SWIFT_OBJC_BRIDGING_HEADER = "Runner-Bridging-Header.h";
				SWIFT_VERSION = 5.0;
				VERSIONING_SYSTEM = "apple-generic";
			};
			name = Profile;
		};
		97C147031CF9000F007C117D /* Debug */ = {
			isa = XCBuildConfiguration;
			buildSettings = {
				ALWAYS_SEARCH_USER_PATHS = NO;
				CLANG_ANALYZER_NONNULL = YES;
				CLANG_CXX_LANGUAGE_STANDARD = "gnu++0x";
				CLANG_CXX_LIBRARY = "libc++";
				CLANG_ENABLE_MODULES = YES;
				CLANG_ENABLE_OBJC_ARC = YES;
				CLANG_WARN_BLOCK_CAPTURE_AUTORELEASING = YES;
				CLANG_WARN_BOOL_CONVERSION = YES;
				CLANG_WARN_COMMA = YES;
				CLANG_WARN_CONSTANT_CONVERSION = YES;
				CLANG_WARN_DEPRECATED_OBJC_IMPLEMENTATIONS = YES;
				CLANG_WARN_DIRECT_OBJC_ISA_USAGE = YES_ERROR;
				CLANG_WARN_EMPTY_BODY = YES;
				CLANG_WARN_ENUM_CONVERSION = YES;
				CLANG_WARN_INFINITE_RECURSION = YES;
				CLANG_WARN_INT_CONVERSION = YES;
				CLANG_WARN_NON_LITERAL_NULL_CONVERSION = YES;
				CLANG_WARN_OBJC_IMPLICIT_RETAIN_SELF = YES;
				CLANG_WARN_OBJC_LITERAL_CONVERSION = YES;
				CLANG_WARN_OBJC_ROOT_CLASS = YES_ERROR;
				CLANG_WARN_RANGE_LOOP_ANALYSIS = YES;
				CLANG_WARN_STRICT_PROTOTYPES = YES;
				CLANG_WARN_SUSPICIOUS_MOVE = YES;
				CLANG_WARN_UNREACHABLE_CODE = YES;
				CLANG_WARN__DUPLICATE_METHOD_MATCH = YES;
				"CODE_SIGN_IDENTITY[sdk=iphoneos*]" = "iPhone Developer";
				COPY_PHASE_STRIP = NO;
				DEBUG_INFORMATION_FORMAT = dwarf;
				ENABLE_BITCODE = NO;
				ENABLE_STRICT_OBJC_MSGSEND = YES;
				ENABLE_TESTABILITY = YES;
				GCC_C_LANGUAGE_STANDARD = gnu99;
				GCC_DYNAMIC_NO_PIC = NO;
				GCC_NO_COMMON_BLOCKS = YES;
				GCC_OPTIMIZATION_LEVEL = 0;
				GCC_PREPROCESSOR_DEFINITIONS = (
					"DEBUG=1",
					"$(inherited)",
				);
				GCC_WARN_64_TO_32_BIT_CONVERSION = YES;
				GCC_WARN_ABOUT_RETURN_TYPE = YES_ERROR;
				GCC_WARN_UNDECLARED_SELECTOR = YES;
				GCC_WARN_UNINITIALIZED_AUTOS = YES_AGGRESSIVE;
				GCC_WARN_UNUSED_FUNCTION = YES;
				GCC_WARN_UNUSED_VARIABLE = YES;
				IPHONEOS_DEPLOYMENT_TARGET = 9.0;
				MTL_ENABLE_DEBUG_INFO = YES;
				ONLY_ACTIVE_ARCH = YES;
				SDKROOT = iphoneos;
				TARGETED_DEVICE_FAMILY = "1,2";
			};
			name = Debug;
		};
		97C147041CF9000F007C117D /* Release */ = {
			isa = XCBuildConfiguration;
			buildSettings = {
				ALWAYS_SEARCH_USER_PATHS = NO;
				CLANG_ANALYZER_NONNULL = YES;
				CLANG_CXX_LANGUAGE_STANDARD = "gnu++0x";
				CLANG_CXX_LIBRARY = "libc++";
				CLANG_ENABLE_MODULES = YES;
				CLANG_ENABLE_OBJC_ARC = YES;
				CLANG_WARN_BLOCK_CAPTURE_AUTORELEASING = YES;
				CLANG_WARN_BOOL_CONVERSION = YES;
				CLANG_WARN_COMMA = YES;
				CLANG_WARN_CONSTANT_CONVERSION = YES;
				CLANG_WARN_DEPRECATED_OBJC_IMPLEMENTATIONS = YES;
				CLANG_WARN_DIRECT_OBJC_ISA_USAGE = YES_ERROR;
				CLANG_WARN_EMPTY_BODY = YES;
				CLANG_WARN_ENUM_CONVERSION = YES;
				CLANG_WARN_INFINITE_RECURSION = YES;
				CLANG_WARN_INT_CONVERSION = YES;
				CLANG_WARN_NON_LITERAL_NULL_CONVERSION = YES;
				CLANG_WARN_OBJC_IMPLICIT_RETAIN_SELF = YES;
				CLANG_WARN_OBJC_LITERAL_CONVERSION = YES;
				CLANG_WARN_OBJC_ROOT_CLASS = YES_ERROR;
				CLANG_WARN_RANGE_LOOP_ANALYSIS = YES;
				CLANG_WARN_STRICT_PROTOTYPES = YES;
				CLANG_WARN_SUSPICIOUS_MOVE = YES;
				CLANG_WARN_UNREACHABLE_CODE = YES;
				CLANG_WARN__DUPLICATE_METHOD_MATCH = YES;
				"CODE_SIGN_IDENTITY[sdk=iphoneos*]" = "iPhone Developer";
				COPY_PHASE_STRIP = NO;
				DEBUG_INFORMATION_FORMAT = "dwarf-with-dsym";
				ENABLE_BITCODE = NO;
				ENABLE_NS_ASSERTIONS = NO;
				ENABLE_STRICT_OBJC_MSGSEND = YES;
				GCC_C_LANGUAGE_STANDARD = gnu99;
				GCC_NO_COMMON_BLOCKS = YES;
				GCC_WARN_64_TO_32_BIT_CONVERSION = YES;
				GCC_WARN_ABOUT_RETURN_TYPE = YES_ERROR;
				GCC_WARN_UNDECLARED_SELECTOR = YES;
				GCC_WARN_UNINITIALIZED_AUTOS = YES_AGGRESSIVE;
				GCC_WARN_UNUSED_FUNCTION = YES;
				GCC_WARN_UNUSED_VARIABLE = YES;
				IPHONEOS_DEPLOYMENT_TARGET = 9.0;
				MTL_ENABLE_DEBUG_INFO = NO;
				SDKROOT = iphoneos;
				TARGETED_DEVICE_FAMILY = "1,2";
				VALIDATE_PRODUCT = YES;
			};
			name = Release;
		};
		97C147061CF9000F007C117D /* Debug */ = {
			isa = XCBuildConfiguration;
			baseConfigurationReference = 9740EEB21CF90195004384FC /* Debug.xcconfig */;
			buildSettings = {
				ASSETCATALOG_COMPILER_APPICON_NAME = AppIcon;
				CLANG_ENABLE_MODULES = YES;
				CODE_SIGN_ENTITLEMENTS = Runner/Runner.entitlements;
				CODE_SIGN_IDENTITY = "iPhone Developer";
				CURRENT_PROJECT_VERSION = 1;
				DEVELOPMENT_TEAM = K5DVP8B94C;
				ENABLE_BITCODE = NO;
				FRAMEWORK_SEARCH_PATHS = (
					"$(inherited)",
					"$(PROJECT_DIR)/Flutter",
				);
				INFOPLIST_FILE = Runner/Info.plist;
				IPHONEOS_DEPLOYMENT_TARGET = 13.0;
				LD_RUNPATH_SEARCH_PATHS = "$(inherited) @executable_path/Frameworks";
				LIBRARY_SEARCH_PATHS = (
					"$(inherited)",
					"$(TOOLCHAIN_DIR)/usr/lib/swift/$(PLATFORM_NAME)",
					"$(PROJECT_DIR)/Flutter",
				);
				MARKETING_VERSION = 2.0.6;
				PRODUCT_BUNDLE_IDENTIFIER = com.mobidevlabs.ande;
				PRODUCT_NAME = "$(TARGET_NAME)";
				SWIFT_OBJC_BRIDGING_HEADER = "Runner-Bridging-Header.h";
				SWIFT_OPTIMIZATION_LEVEL = "-Onone";
				SWIFT_VERSION = 5.0;
				VERSIONING_SYSTEM = "apple-generic";
			};
			name = Debug;
		};
		97C147071CF9000F007C117D /* Release */ = {
			isa = XCBuildConfiguration;
			baseConfigurationReference = 7AFA3C8E1D35360C0083082E /* Release.xcconfig */;
			buildSettings = {
				ASSETCATALOG_COMPILER_APPICON_NAME = AppIcon;
				CLANG_ENABLE_MODULES = YES;
				CODE_SIGN_ENTITLEMENTS = Runner/Runner.entitlements;
				CODE_SIGN_IDENTITY = "iPhone Developer";
				CURRENT_PROJECT_VERSION = 1;
				DEVELOPMENT_TEAM = K5DVP8B94C;
				ENABLE_BITCODE = NO;
				FRAMEWORK_SEARCH_PATHS = (
					"$(inherited)",
					"$(PROJECT_DIR)/Flutter",
				);
				INFOPLIST_FILE = Runner/Info.plist;
				IPHONEOS_DEPLOYMENT_TARGET = 13.0;
				LD_RUNPATH_SEARCH_PATHS = "$(inherited) @executable_path/Frameworks";
				LIBRARY_SEARCH_PATHS = (
					"$(inherited)",
					"$(TOOLCHAIN_DIR)/usr/lib/swift/$(PLATFORM_NAME)",
					"$(PROJECT_DIR)/Flutter",
				);
				MARKETING_VERSION = 2.0.6;
				PRODUCT_BUNDLE_IDENTIFIER = com.mobidevlabs.ande;
				PRODUCT_NAME = "$(TARGET_NAME)";
				SWIFT_OBJC_BRIDGING_HEADER = "Runner-Bridging-Header.h";
				SWIFT_VERSION = 5.0;
				VERSIONING_SYSTEM = "apple-generic";
			};
			name = Release;
		};
/* End XCBuildConfiguration section */

/* Begin XCConfigurationList section */
		97C146E91CF9000F007C117D /* Build configuration list for PBXProject "Runner" */ = {
			isa = XCConfigurationList;
			buildConfigurations = (
				97C147031CF9000F007C117D /* Debug */,
				97C147041CF9000F007C117D /* Release */,
				249021D3217E4FDB00AE95B9 /* Profile */,
			);
			defaultConfigurationIsVisible = 0;
			defaultConfigurationName = Release;
		};
		97C147051CF9000F007C117D /* Build configuration list for PBXNativeTarget "Runner" */ = {
			isa = XCConfigurationList;
			buildConfigurations = (
				97C147061CF9000F007C117D /* Debug */,
				97C147071CF9000F007C117D /* Release */,
				249021D4217E4FDB00AE95B9 /* Profile */,
			);
			defaultConfigurationIsVisible = 0;
			defaultConfigurationName = Release;
		};
/* End XCConfigurationList section */
	};
	rootObject = 97C146E61CF9000F007C117D /* Project object */;
}
